
Microsoft Visual Studio Solution File, Format Version 12.00
# Visual Studio Version 16
VisualStudioVersion = 16.0.35026.282
MinimumVisualStudioVersion = 10.0.40219.1
Project("{FAE04EC0-301F-11D3-BF4B-00C04F79EFBC}") = "Ascon-Ural.XPStoPDF", "XPStoPDF\Ascon-Ural.XPStoPDF.csproj", "{DF687EFE-0582-4989-9599-53934A05791B}"
EndProject
Project("{2150E333-8FDC-42A3-9474-1A3956D46DE8}") = "XPSs", "XPSs", "{60E665C7-225F-4D7E-A2A5-D7CB6A90F49E}"
	ProjectSection(SolutionItems) = preProject
		29-22-00-ОВ1 - Изм. 3 - Отопление. Версия от 30.09.xps = 29-22-00-ОВ1 - Изм. 3 - Отопление. Версия от 30.09.xps
	EndProjectSection
EndProject
Global
	GlobalSection(SolutionConfigurationPlatforms) = preSolution
		Debug|Any CPU = Debug|Any CPU
		Release|Any CPU = Release|Any CPU
	EndGlobalSection
	GlobalSection(ProjectConfigurationPlatforms) = postSolution
		{DF687EFE-0582-4989-9599-53934A05791B}.Debug|Any CPU.ActiveCfg = Debug|Any CPU
		{DF687EFE-0582-4989-9599-53934A05791B}.Debug|Any CPU.Build.0 = Debug|Any CPU
		{DF687EFE-0582-4989-9599-53934A05791B}.Release|Any CPU.ActiveCfg = Release|Any CPU
		{DF687EFE-0582-4989-9599-53934A05791B}.Release|Any CPU.Build.0 = Release|Any CPU
	EndGlobalSection
	GlobalSection(SolutionProperties) = preSolution
		HideSolutionNode = FALSE
	EndGlobalSection
	GlobalSection(ExtensibilityGlobals) = postSolution
		SolutionGuid = {42412D48-75D2-4418-A13A-26F6B61E9CF4}
	EndGlobalSection
EndGlobal
